# Generated by move; do not edit
# This file should be checked in.

[move]
version = 4

[pinned.testnet.MoveStdlib]
source = { git = "https://github.com/MystenLabs/sui.git", subdir = 'crates\sui-framework\packages\move-stdlib', rev = "2a0becb2fcc6989e492981104af67f62f2c9511a" }
use_environment = "testnet"
manifest_digest = "C4FE4C91DE74CBF223B2E380AE40F592177D21870DC2D7EB6227D2D694E05363"
deps = {}

[pinned.testnet.Sui]
source = { git = "https://github.com/MystenLabs/sui.git", subdir = 'crates\sui-framework\packages\sui-framework', rev = "2a0becb2fcc6989e492981104af67f62f2c9511a" }
use_environment = "testnet"
manifest_digest = "7AFB66695545775FBFBB2D3078ADFD084244D5002392E837FDE21D9EA1C6D01C"
deps = { MoveStdlib = "MoveStdlib" }

[pinned.testnet.braid_cpmm]
source = { local = '..\braid_cpmm' }
use_environment = "testnet"
manifest_digest = "A2C4E2B57AC719E7B10467B73EBA40A3B1A2EED8D21B105F50E1C90BDFE25E91"
deps = { braid_math = "braid_math", std = "MoveStdlib", sui = "Sui" }

[pinned.testnet.braid_math]
source = { local = '..\braid_math' }
use_environment = "testnet"
manifest_digest = "5745706258F61D6CE210904B3E6AE87A73CE9D31A6F93BE4718C442529332A87"
deps = { std = "MoveStdlib", sui = "Sui" }

[pinned.testnet.braid_stable]
source = { root = true }
use_environment = "testnet"
manifest_digest = "FF5B31FD43C38043B34AE408C7DFAD7A67AE18D5283282DBE3FE312E5C97B153"
deps = { braid_cpmm = "braid_cpmm", braid_math = "braid_math", std = "MoveStdlib", sui = "Sui" }
